// !$*UTF8*$!
{
	archiveVersion = 1;
	classes = {
	};
	objectVersion = 50;
	objects = {

/* Begin PBXBuildFile section */
		640AF44D237B9A59003FF317 /* AppDelegate.m in Sources */ = {isa = PBXBuildFile; fileRef = 640AF44C237B9A59003FF317 /* AppDelegate.m */; };
		640AF450237B9A59003FF317 /* ViewController.m in Sources */ = {isa = PBXBuildFile; fileRef = 640AF44F237B9A59003FF317 /* ViewController.m */; };
		640AF453237B9A59003FF317 /* Main.storyboard in Resources */ = {isa = PBXBuildFile; fileRef = 640AF451237B9A59003FF317 /* Main.storyboard */; };
		640AF455237B9A5B003FF317 /* Assets.xcassets in Resources */ = {isa = PBXBuildFile; fileRef = 640AF454237B9A5B003FF317 /* Assets.xcassets */; };
		640AF458237B9A5B003FF317 /* LaunchScreen.storyboard in Resources */ = {isa = PBXBuildFile; fileRef = 640AF456237B9A5B003FF317 /* LaunchScreen.storyboard */; };
		640AF45B237B9A5B003FF317 /* main.m in Sources */ = {isa = PBXBuildFile; fileRef = 640AF45A237B9A5B003FF317 /* main.m */; };
/* End PBXBuildFile section */

/* Begin PBXFileReference section */
		640AF448237B9A59003FF317 /* module_ios.app */ = {isa = PBXFileReference; explicitFileType = wrapper.application; includeInIndex = 0; path = module_ios.app; sourceTree = BUILT_PRODUCTS_DIR; };
		640AF44B237B9A59003FF317 /* AppDelegate.h */ = {isa = PBXFileReference; lastKnownFileType = sourcecode.c.h; path = AppDelegate.h; sourceTree = "<group>"; };
		640AF44C237B9A59003FF317 /* AppDelegate.m */ = {isa = PBXFileReference; lastKnownFileType = sourcecode.c.objc; path = AppDelegate.m; sourceTree = "<group>"; };
		640AF44E237B9A59003FF317 /* ViewController.h */ = {isa = PBXFileReference; lastKnownFileType = sourcecode.c.h; path = ViewController.h; sourceTree = "<group>"; };
		640AF44F237B9A59003FF317 /* ViewController.m */ = {isa = PBXFileReference; lastKnownFileType = sourcecode.c.objc; path = ViewController.m; sourceTree = "<group>"; };
		640AF452237B9A59003FF317 /* Base */ = {isa = PBXFileReference; lastKnownFileType = file.storyboard; name = Base; path = Base.lproj/Main.storyboard; sourceTree = "<group>"; };
		640AF454237B9A5B003FF317 /* Assets.xcassets */ = {isa = PBXFileReference; lastKnownFileType = folder.assetcatalog; path = Assets.xcassets; sourceTree = "<group>"; };
		640AF457237B9A5B003FF317 /* Base */ = {isa = PBXFileReference; lastKnownFileType = file.storyboard; name = Base; path = Base.lproj/LaunchScreen.storyboard; sourceTree = "<group>"; };
		640AF459237B9A5B003FF317 /* Info.plist */ = {isa = PBXFileReference; lastKnownFileType = text.plist.xml; path = Info.plist; sourceTree = "<group>"; };
		640AF45A237B9A5B003FF317 /* main.m */ = {isa = PBXFileReference; lastKnownFileType = sourcecode.c.objc; path = main.m; sourceTree = "<group>"; };
/* End PBXFileReference section */

/* Begin PBXFrameworksBuildPhase section */
		640AF445237B9A59003FF317 /* Frameworks */ = {
			isa = PBXFrameworksBuildPhase;
			buildActionMask = 2147483647;
			files = (
			);
			runOnlyForDeploymentPostprocessing = 0;
		};
/* End PBXFrameworksBuildPhase section */

/* Begin PBXGroup section */
		640AF43F237B9A59003FF317 = {
			isa = PBXGroup;
			children = (
				640AF44A237B9A59003FF317 /* module_ios */,
				640AF449237B9A59003FF317 /* Products */,
			);
			sourceTree = "<group>";
		};
		640AF449237B9A59003FF317 /* Products */ = {
			isa = PBXGroup;
			children = (
				640AF448237B9A59003FF317 /* module_ios.app */,
			);
			name = Products;
			sourceTree = "<group>";
		};
		640AF44A237B9A59003FF317 /* module_ios */ = {
			isa = PBXGroup;
			children = (
				640AF44B237B9A59003FF317 /* AppDelegate.h */,
				640AF44C237B9A59003FF317 /* AppDelegate.m */,
				640AF44E237B9A59003FF317 /* ViewController.h */,
				640AF44F237B9A59003FF317 /* ViewController.m */,
				640AF451237B9A59003FF317 /* Main.storyboard */,
				640AF454237B9A5B003FF317 /* Assets.xcassets */,
				640AF456237B9A5B003FF317 /* LaunchScreen.storyboard */,
				640AF459237B9A5B003FF317 /* Info.plist */,
				640AF45A237B9A5B003FF317 /* main.m */,
			);
			path = module_ios;
			sourceTree = "<group>";
		};
/* End PBXGroup section */

/* Begin PBXNativeTarget section */
		640AF447237B9A59003FF317 /* module_ios */ = {
			isa = PBXNativeTarget;
			buildConfigurationList = 640AF45E237B9A5B003FF317 /* Build configuration list for PBXNativeTarget "module_ios" */;
			buildPhases = (
				640AF444237B9A59003FF317 /* Sources */,
				640AF445237B9A59003FF317 /* Frameworks */,
				640AF446237B9A59003FF317 /* Resources */,
			);
			buildRules = (
			);
			dependencies = (
			);
			name = module_ios;
			productName = module_ios;
			productReference = 640AF448237B9A59003FF317 /* module_ios.app */;
			productType = "com.apple.product-type.application";
		};
/* End PBXNativeTarget section */

/* Begin PBXProject section */
		640AF440237B9A59003FF317 /* Project object */ = {
			isa = PBXProject;
			attributes = {
				LastUpgradeCheck = 1030;
				ORGANIZATIONNAME = "李美相";
				TargetAttributes = {
					640AF447237B9A59003FF317 = {
						CreatedOnToolsVersion = 10.3;
					};
				};
			};
			buildConfigurationList = 640AF443237B9A59003FF317 /* Build configuration list for PBXProject "module_ios" */;
			compatibilityVersion = "Xcode 9.3";
			developmentRegion = en;
			hasScannedForEncodings = 0;
			knownRegions = (
				en,
				Base,
			);
			mainGroup = 640AF43F237B9A59003FF317;
			productRefGroup = 640AF449237B9A59003FF317 /* Products */;
			projectDirPath = "";
			projectRoot = "";
			targets = (
				640AF447237B9A59003FF317 /* module_ios */,
			);
		};
/* End PBXProject section */

/* Begin PBXResourcesBuildPhase section */
		640AF446237B9A59003FF317 /* Resources */ = {
			isa = PBXResourcesBuildPhase;
			buildActionMask = 2147483647;
			files = (
				640AF458237B9A5B003FF317 /* LaunchScreen.storyboard in Resources */,
				640AF455237B9A5B003FF317 /* Assets.xcassets in Resources */,
				640AF453237B9A59003FF317 /* Main.storyboard in Resources */,
			);
			runOnlyForDeploymentPostprocessing = 0;
		};
/* End PBXResourcesBuildPhase section */

/* Begin PBXSourcesBuildPhase section */
		640AF444237B9A59003FF317 /* Sources */ = {
			isa = PBXSourcesBuildPhase;
			buildActionMask = 2147483647;
			files = (
				640AF450237B9A59003FF317 /* ViewController.m in Sources */,
				640AF45B237B9A5B003FF317 /* main.m in Sources */,
				640AF44D237B9A59003FF317 /* AppDelegate.m in Sources */,
			);
			runOnlyForDeploymentPostprocessing = 0;
		};
/* End PBXSourcesBuildPhase section */

/* Begin PBXVariantGroup section */
		640AF451237B9A59003FF317 /* Main.storyboard */ = {
			isa = PBXVariantGroup;
			children = (
				640AF452237B9A59003FF317 /* Base */,
			);
			name = Main.storyboard;
			sourceTree = "<group>";
		};
		640AF456237B9A5B003FF317 /* LaunchScreen.storyboard */ = {
			isa = PBXVariantGroup;
			children = (
				640AF457237B9A5B003FF317 /* Base */,
			);
			name = LaunchScreen.storyboard;
			sourceTree = "<group>";
		};
/* End PBXVariantGroup section */

/* Begin XCBuildConfiguration section */
		640AF45C237B9A5B003FF317 /* Debug */ = {
			isa = XCBuildConfiguration;
			buildSettings = {
				ALWAYS_SEARCH_USER_PATHS = NO;
				CLANG_ANALYZER_NONNULL = YES;
				CLANG_ANALYZER_NUMBER_OBJECT_CONVERSION = YES_AGGRESSIVE;
				CLANG_CXX_LANGUAGE_STANDARD = "gnu++14";
				CLANG_CXX_LIBRARY = "libc++";
				CLANG_ENABLE_MODULES = YES;
				CLANG_ENABLE_OBJC_ARC = YES;
				CLANG_ENABLE_OBJC_WEAK = YES;
				CLANG_WARN_BLOCK_CAPTURE_AUTORELEASING = YES;
				CLANG_WARN_BOOL_CONVERSION = YES;
				CLANG_WARN_COMMA = YES;
				CLANG_WARN_CONSTANT_CONVERSION = YES;
				CLANG_WARN_DEPRECATED_OBJC_IMPLEMENTATIONS = YES;
				CLANG_WARN_DIRECT_OBJC_ISA_USAGE = YES_ERROR;
				CLANG_WARN_DOCUMENTATION_COMMENTS = YES;
				CLANG_WARN_EMPTY_BODY = YES;
				CLANG_WARN_ENUM_CONVERSION = YES;
				CLANG_WARN_INFINITE_RECURSION = YES;
				CLANG_WARN_INT_CONVERSION = YES;
				CLANG_WARN_NON_LITERAL_NULL_CONVERSION = YES;
				CLANG_WARN_OBJC_IMPLICIT_RETAIN_SELF = YES;
				CLANG_WARN_OBJC_LITERAL_CONVERSION = YES;
				CLANG_WARN_OBJC_ROOT_CLASS = YES_ERROR;
				CLANG_WARN_RANGE_LOOP_ANALYSIS = YES;
				CLANG_WARN_STRICT_PROTOTYPES = YES;
				CLANG_WARN_SUSPICIOUS_MOVE = YES;
				CLANG_WARN_UNGUARDED_AVAILABILITY = YES_AGGRESSIVE;
				CLANG_WARN_UNREACHABLE_CODE = YES;
				CLANG_WARN__DUPLICATE_METHOD_MATCH = YES;
				CODE_SIGN_IDENTITY = "iPhone Developer";
				COPY_PHASE_STRIP = NO;
				DEBUG_INFORMATION_FORMAT = dwarf;
				ENABLE_STRICT_OBJC_MSGSEND = YES;
				ENABLE_TESTABILITY = YES;
				GCC_C_LANGUAGE_STANDARD = gnu11;
				GCC_DYNAMIC_NO_PIC = NO;
				GCC_NO_COMMON_BLOCKS = YES;
				GCC_OPTIMIZATION_LEVEL = 0;
				GCC_PREPROCESSOR_DEFINITIONS = (
					"DEBUG=1",
					"$(inherited)",
				);
				GCC_WARN_64_TO_32_BIT_CONVERSION = YES;
				GCC_WARN_ABOUT_RETURN_TYPE = YES_ERROR;
				GCC_WARN_UNDECLARED_SELECTOR = YES;
				GCC_WARN_UNINITIALIZED_AUTOS = YES_AGGRESSIVE;
				GCC_WARN_UNUSED_FUNCTION = YES;
				GCC_WARN_UNUSED_VARIABLE = YES;
				IPHONEOS_DEPLOYMENT_TARGET = 12.4;
				MTL_ENABLE_DEBUG_INFO = INCLUDE_SOURCE;
				MTL_FAST_MATH = YES;
				ONLY_ACTIVE_ARCH = YES;
				SDKROOT = iphoneos;
			};
			name = Debug;
		};
		640AF45D237B9A5B003FF317 /* Release */ = {
			isa = XCBuildConfiguration;
			buildSettings = {
				ALWAYS_SEARCH_USER_PATHS = NO;
				CLANG_ANALYZER_NONNULL = YES;
				CLANG_ANALYZER_NUMBER_OBJECT_CONVERSION = YES_AGGRESSIVE;
				CLANG_CXX_LANGUAGE_STANDARD = "gnu++14";
				CLANG_CXX_LIBRARY = "libc++";
				CLANG_ENABLE_MODULES = YES;
				CLANG_ENABLE_OBJC_ARC = YES;
				CLANG_ENABLE_OBJC_WEAK = YES;
				CLANG_WARN_BLOCK_CAPTURE_AUTORELEASING = YES;
				CLANG_WARN_BOOL_CONVERSION = YES;
				CLANG_WARN_COMMA = YES;
				CLANG_WARN_CONSTANT_CONVERSION = YES;
				CLANG_WARN_DEPRECATED_OBJC_IMPLEMENTATIONS = YES;
				CLANG_WARN_DIRECT_OBJC_ISA_USAGE = YES_ERROR;
				CLANG_WARN_DOCUMENTATION_COMMENTS = YES;
				CLANG_WARN_EMPTY_BODY = YES;
				CLANG_WARN_ENUM_CONVERSION = YES;
				CLANG_WARN_INFINITE_RECURSION = YES;
				CLANG_WARN_INT_CONVERSION = YES;
				CLANG_WARN_NON_LITERAL_NULL_CONVERSION = YES;
				CLANG_WARN_OBJC_IMPLICIT_RETAIN_SELF = YES;
				CLANG_WARN_OBJC_LITERAL_CONVERSION = YES;
				CLANG_WARN_OBJC_ROOT_CLASS = YES_ERROR;
				CLANG_WARN_RANGE_LOOP_ANALYSIS = YES;
				CLANG_WARN_STRICT_PROTOTYPES = YES;
				CLANG_WARN_SUSPICIOUS_MOVE = YES;
				CLANG_WARN_UNGUARDED_AVAILABILITY = YES_AGGRESSIVE;
				CLANG_WARN_UNREACHABLE_CODE = YES;
				CLANG_WARN__DUPLICATE_METHOD_MATCH = YES;
				CODE_SIGN_IDENTITY = "iPhone Developer";
				COPY_PHASE_STRIP = NO;
				DEBUG_INFORMATION_FORMAT = "dwarf-with-dsym";
				ENABLE_NS_ASSERTIONS = NO;
				ENABLE_STRICT_OBJC_MSGSEND = YES;
				GCC_C_LANGUAGE_STANDARD = gnu11;
				GCC_NO_COMMON_BLOCKS = YES;
				GCC_WARN_64_TO_32_BIT_CONVERSION = YES;
				GCC_WARN_ABOUT_RETURN_TYPE = YES_ERROR;
				GCC_WARN_UNDECLARED_SELECTOR = YES;
				GCC_WARN_UNINITIALIZED_AUTOS = YES_AGGRESSIVE;
				GCC_WARN_UNUSED_FUNCTION = YES;
				GCC_WARN_UNUSED_VARIABLE = YES;
				IPHONEOS_DEPLOYMENT_TARGET = 12.4;
				MTL_ENABLE_DEBUG_INFO = NO;
				MTL_FAST_MATH = YES;
				SDKROOT = iphoneos;
				VALIDATE_PRODUCT = YES;
			};
			name = Release;
		};
		640AF45F237B9A5B003FF317 /* Debug */ = {
			isa = XCBuildConfiguration;
			buildSettings = {
				ASSETCATALOG_COMPILER_APPICON_NAME = AppIcon;
				CODE_SIGN_STYLE = Automatic;
				INFOPLIST_FILE = module_ios/Info.plist;
				LD_RUNPATH_SEARCH_PATHS = (
					"$(inherited)",
					"@executable_path/Frameworks",
				);
				PRODUCT_BUNDLE_IDENTIFIER = "DannyChan.module-ios";
				PRODUCT_NAME = "$(TARGET_NAME)";
				TARGETED_DEVICE_FAMILY = "1,2";
			};
			name = Debug;
		};
		640AF460237B9A5B003FF317 /* Release */ = {
			isa = XCBuildConfiguration;
			buildSettings = {
				ASSETCATALOG_COMPILER_APPICON_NAME = AppIcon;
				CODE_SIGN_STYLE = Automatic;
				INFOPLIST_FILE = module_ios/Info.plist;
				LD_RUNPATH_SEARCH_PATHS = (
					"$(inherited)",
					"@executable_path/Frameworks",
				);
				PRODUCT_BUNDLE_IDENTIFIER = "DannyChan.module-ios";
				PRODUCT_NAME = "$(TARGET_NAME)";
				TARGETED_DEVICE_FAMILY = "1,2";
			};
			name = Release;
		};
/* End XCBuildConfiguration section */

/* Begin XCConfigurationList section */
		640AF443237B9A59003FF317 /* Build configuration list for PBXProject "module_ios" */ = {
			isa = XCConfigurationList;
			buildConfigurations = (
				640AF45C237B9A5B003FF317 /* Debug */,
				640AF45D237B9A5B003FF317 /* Release */,
			);
			defaultConfigurationIsVisible = 0;
			defaultConfigurationName = Release;
		};
		640AF45E237B9A5B003FF317 /* Build configuration list for PBXNativeTarget "module_ios" */ = {
			isa = XCConfigurationList;
			buildConfigurations = (
				640AF45F237B9A5B003FF317 /* Debug */,
				640AF460237B9A5B003FF317 /* Release */,
			);
			defaultConfigurationIsVisible = 0;
			defaultConfigurationName = Release;
		};
/* End XCConfigurationList section */
	};
	rootObject = 640AF440237B9A59003FF317 /* Project object */;
}
